
Microsoft Visual Studio Solution File, Format Version 12.00
# Visual Studio Version 17
VisualStudioVersion = 17.9.34902.65
MinimumVisualStudioVersion = 10.0.40219.1
Project("{FAE04EC0-301F-11D3-BF4B-00C04F79EFBC}") = "Aula70VetoresPT2", "Aula70VetoresPT2.csproj", "{DDE051C1-0125-404D-A596-00A76931019C}"
EndProject
Global
	GlobalSection(SolutionConfigurationPlatforms) = preSolution
		Debug|Any CPU = Debug|Any CPU
		Release|Any CPU = Release|Any CPU
	EndGlobalSection
	GlobalSection(ProjectConfigurationPlatforms) = postSolution
		{DDE051C1-0125-404D-A596-00A76931019C}.Debug|Any CPU.ActiveCfg = Debug|Any CPU
		{DDE051C1-0125-404D-A596-00A76931019C}.Debug|Any CPU.Build.0 = Debug|Any CPU
		{DDE051C1-0125-404D-A596-00A76931019C}.Release|Any CPU.ActiveCfg = Release|Any CPU
		{DDE051C1-0125-404D-A596-00A76931019C}.Release|Any CPU.Build.0 = Release|Any CPU
	EndGlobalSection
	GlobalSection(SolutionProperties) = preSolution
		HideSolutionNode = FALSE
	EndGlobalSection
	GlobalSection(ExtensibilityGlobals) = postSolution
		SolutionGuid = {F8E7A5B1-6D35-4B9B-80E6-9A25A33297B5}
	EndGlobalSection
EndGlobal
