
Microsoft Visual Studio Solution File, Format Version 12.00
# Visual Studio Version 17
VisualStudioVersion = 17.9.34902.65
MinimumVisualStudioVersion = 10.0.40219.1
Project("{FAE04EC0-301F-11D3-BF4B-00C04F79EFBC}") = "Aula48Estaticos01", "Aula48Estaticos01.csproj", "{648E4F3A-1957-40F7-A0B9-6AF5954D0894}"
EndProject
Global
	GlobalSection(SolutionConfigurationPlatforms) = preSolution
		Debug|Any CPU = Debug|Any CPU
		Release|Any CPU = Release|Any CPU
	EndGlobalSection
	GlobalSection(ProjectConfigurationPlatforms) = postSolution
		{648E4F3A-1957-40F7-A0B9-6AF5954D0894}.Debug|Any CPU.ActiveCfg = Debug|Any CPU
		{648E4F3A-1957-40F7-A0B9-6AF5954D0894}.Debug|Any CPU.Build.0 = Debug|Any CPU
		{648E4F3A-1957-40F7-A0B9-6AF5954D0894}.Release|Any CPU.ActiveCfg = Release|Any CPU
		{648E4F3A-1957-40F7-A0B9-6AF5954D0894}.Release|Any CPU.Build.0 = Release|Any CPU
	EndGlobalSection
	GlobalSection(SolutionProperties) = preSolution
		HideSolutionNode = FALSE
	EndGlobalSection
	GlobalSection(ExtensibilityGlobals) = postSolution
		SolutionGuid = {FFECD2F3-F443-446F-A1C3-89B0C8E3D1C0}
	EndGlobalSection
EndGlobal
