
Microsoft Visual Studio Solution File, Format Version 12.00
# Visual Studio Version 17
VisualStudioVersion = 17.9.34902.65
MinimumVisualStudioVersion = 10.0.40219.1
Project("{FAE04EC0-301F-11D3-BF4B-00C04F79EFBC}") = "Datas", "Datas.csproj", "{90F42CA4-69DE-4397-9614-36B5236C287A}"
EndProject
Global
	GlobalSection(SolutionConfigurationPlatforms) = preSolution
		Debug|Any CPU = Debug|Any CPU
		Release|Any CPU = Release|Any CPU
	EndGlobalSection
	GlobalSection(ProjectConfigurationPlatforms) = postSolution
		{90F42CA4-69DE-4397-9614-36B5236C287A}.Debug|Any CPU.ActiveCfg = Debug|Any CPU
		{90F42CA4-69DE-4397-9614-36B5236C287A}.Debug|Any CPU.Build.0 = Debug|Any CPU
		{90F42CA4-69DE-4397-9614-36B5236C287A}.Release|Any CPU.ActiveCfg = Release|Any CPU
		{90F42CA4-69DE-4397-9614-36B5236C287A}.Release|Any CPU.Build.0 = Release|Any CPU
	EndGlobalSection
	GlobalSection(SolutionProperties) = preSolution
		HideSolutionNode = FALSE
	EndGlobalSection
	GlobalSection(ExtensibilityGlobals) = postSolution
		SolutionGuid = {D0203090-3EDC-45FB-9D2F-4D7AC30881E2}
	EndGlobalSection
EndGlobal
